
Microsoft Visual Studio Solution File, Format Version 12.00
# Visual Studio Version 16
VisualStudioVersion = 16.0.30413.136
MinimumVisualStudioVersion = 10.0.40219.1
Project("{FAE04EC0-301F-11D3-BF4B-00C04F79EFBC}") = "ElevenNote.WebAPI", "ElevenNote.WebAPI\ElevenNote.WebAPI.csproj", "{54F561ED-5394-48B7-B592-35E5D2E9BDE1}"
EndProject
Project("{FAE04EC0-301F-11D3-BF4B-00C04F79EFBC}") = "ElevenNote.Data", "ElevenNote.Data\ElevenNote.Data.csproj", "{30DB6C2C-21B0-4131-AFA8-2CE32FC77FE8}"
EndProject
Project("{FAE04EC0-301F-11D3-BF4B-00C04F79EFBC}") = "ElevenNote.Models", "ElevenNote.Models\ElevenNote.Models.csproj", "{FF29D80A-B0C0-4C84-9349-13D78C5BF19C}"
EndProject
Project("{FAE04EC0-301F-11D3-BF4B-00C04F79EFBC}") = "ElevenNote.Services", "ElevenNote.Services\ElevenNote.Services.csproj", "{F25DB920-E000-4C73-ADB4-79B8390198FF}"
EndProject
Global
	GlobalSection(SolutionConfigurationPlatforms) = preSolution
		Debug|Any CPU = Debug|Any CPU
		Release|Any CPU = Release|Any CPU
	EndGlobalSection
	GlobalSection(ProjectConfigurationPlatforms) = postSolution
		{54F561ED-5394-48B7-B592-35E5D2E9BDE1}.Debug|Any CPU.ActiveCfg = Debug|Any CPU
		{54F561ED-5394-48B7-B592-35E5D2E9BDE1}.Debug|Any CPU.Build.0 = Debug|Any CPU
		{54F561ED-5394-48B7-B592-35E5D2E9BDE1}.Release|Any CPU.ActiveCfg = Release|Any CPU
		{54F561ED-5394-48B7-B592-35E5D2E9BDE1}.Release|Any CPU.Build.0 = Release|Any CPU
		{30DB6C2C-21B0-4131-AFA8-2CE32FC77FE8}.Debug|Any CPU.ActiveCfg = Debug|Any CPU
		{30DB6C2C-21B0-4131-AFA8-2CE32FC77FE8}.Debug|Any CPU.Build.0 = Debug|Any CPU
		{30DB6C2C-21B0-4131-AFA8-2CE32FC77FE8}.Release|Any CPU.ActiveCfg = Release|Any CPU
		{30DB6C2C-21B0-4131-AFA8-2CE32FC77FE8}.Release|Any CPU.Build.0 = Release|Any CPU
		{FF29D80A-B0C0-4C84-9349-13D78C5BF19C}.Debug|Any CPU.ActiveCfg = Debug|Any CPU
		{FF29D80A-B0C0-4C84-9349-13D78C5BF19C}.Debug|Any CPU.Build.0 = Debug|Any CPU
		{FF29D80A-B0C0-4C84-9349-13D78C5BF19C}.Release|Any CPU.ActiveCfg = Release|Any CPU
		{FF29D80A-B0C0-4C84-9349-13D78C5BF19C}.Release|Any CPU.Build.0 = Release|Any CPU
		{F25DB920-E000-4C73-ADB4-79B8390198FF}.Debug|Any CPU.ActiveCfg = Debug|Any CPU
		{F25DB920-E000-4C73-ADB4-79B8390198FF}.Debug|Any CPU.Build.0 = Debug|Any CPU
		{F25DB920-E000-4C73-ADB4-79B8390198FF}.Release|Any CPU.ActiveCfg = Release|Any CPU
		{F25DB920-E000-4C73-ADB4-79B8390198FF}.Release|Any CPU.Build.0 = Release|Any CPU
	EndGlobalSection
	GlobalSection(SolutionProperties) = preSolution
		HideSolutionNode = FALSE
	EndGlobalSection
	GlobalSection(ExtensibilityGlobals) = postSolution
		SolutionGuid = {CC3BD9CC-1510-4C0C-8491-7D178895AB28}
	EndGlobalSection
EndGlobal
